
Microsoft Visual Studio Solution File, Format Version 12.00
# Visual Studio 15
VisualStudioVersion = 15.0.27703.2035
MinimumVisualStudioVersion = 10.0.40219.1
Project("{F2A71F9B-5D33-465A-A702-920D77279786}") = "FsCheck.GraphQL", "FsCheck.GraphQL\FsCheck.GraphQL.fsproj", "{C0DAC802-20CC-4917-874B-29D3397FD85D}"
EndProject
Global
	GlobalSection(SolutionConfigurationPlatforms) = preSolution
		Debug|Any CPU = Debug|Any CPU
		Release|Any CPU = Release|Any CPU
	EndGlobalSection
	GlobalSection(ProjectConfigurationPlatforms) = postSolution
		{C0DAC802-20CC-4917-874B-29D3397FD85D}.Debug|Any CPU.ActiveCfg = Debug|Any CPU
		{C0DAC802-20CC-4917-874B-29D3397FD85D}.Debug|Any CPU.Build.0 = Debug|Any CPU
		{C0DAC802-20CC-4917-874B-29D3397FD85D}.Release|Any CPU.ActiveCfg = Release|Any CPU
		{C0DAC802-20CC-4917-874B-29D3397FD85D}.Release|Any CPU.Build.0 = Release|Any CPU
	EndGlobalSection
	GlobalSection(SolutionProperties) = preSolution
		HideSolutionNode = FALSE
	EndGlobalSection
	GlobalSection(ExtensibilityGlobals) = postSolution
		SolutionGuid = {3C05B6E9-1E7C-4DD2-A70B-4BDA4DA19B36}
	EndGlobalSection
EndGlobal
